hash: 9112040a942391be5d44b7532f266ef832866f2e6bf88b389e6cc388f57b9ac1
updated: 2017-03-19T14:46:08.287109332+02:00
imports:
- name: github.com/gorilla/mux
  version: 392c28fe23e1c45ddba891b0320b3b5df220beea
- name: github.com/src-d/go-git
  version: 4eef16a98d093057f1e4c560da4ed3bbba67cd76
testImports: []
