hash: 0d4b37ae59859f1e6938b98da4ebd23f89df3e7cb8364260ebca5c41309b9e39
updated: 2017-03-20T14:37:46.497915529+02:00
imports:
- name: github.com/abbot/go-http-auth
  version: efc9484eee77263a11f158ef4f30fcc30298a942
- name: github.com/GehirnInc/crypt
  version: ac56aff7aa79d1f7e2f763e74177af0a3095ca88
- name: github.com/gorilla/context
  version: 08b5f424b9271eedf6f9f0ce86cb9396ed337a42
- name: github.com/gorilla/mux
  version: 392c28fe23e1c45ddba891b0320b3b5df220beea
- name: github.com/naoina/go-stringutil
  version: 6b638e95a32d0c1131db0e7fe83775cbea4a0d0b
- name: github.com/naoina/toml
  version: 751171607256bb66e64c9f0220c00662420c38e9
  subpackages:
  - ast
- name: golang.org/x/crypto
  version: 1d77d5bd477a5879ed443a73e11a1a3dd9616d03
  subpackages:
  - bcrypt
  - blowfish
testImports: []
