hash: 74d5cfc601ee3b74ab1e52bf963f1da2379079bdb320441588766fd6bc69f95c
updated: 2017-03-19T17:07:18.663019295+02:00
imports:
- name: github.com/gorilla/mux
  version: 392c28fe23e1c45ddba891b0320b3b5df220beea
- name: github.com/naoina/toml
  version: 751171607256bb66e64c9f0220c00662420c38e9
testImports: []
